
Microsoft Visual Studio Solution File, Format Version 12.00
# Visual Studio Version 17
VisualStudioVersion = 17.5.002.0
MinimumVisualStudioVersion = 10.0.40219.1
Project("{9A19103F-16F7-4668-BE54-9A1E7A4F7556}") = "ServiceLayer.Abstractions", "ServiceLayer.Abstractions\ServiceLayer.Abstractions.csproj", "{1261368F-B01A-4A8B-9548-0DF6034E424C}"
EndProject
Project("{9A19103F-16F7-4668-BE54-9A1E7A4F7556}") = "ServiceLayer.Generators", "ServiceLayer.Generators\ServiceLayer.Generators.csproj", "{E583D784-BD77-42D0-AD26-942E4F234627}"
EndProject
Global
	GlobalSection(SolutionConfigurationPlatforms) = preSolution
		Debug|Any CPU = Debug|Any CPU
		Release|Any CPU = Release|Any CPU
	EndGlobalSection
	GlobalSection(ProjectConfigurationPlatforms) = postSolution
		{1261368F-B01A-4A8B-9548-0DF6034E424C}.Debug|Any CPU.ActiveCfg = Debug|Any CPU
		{1261368F-B01A-4A8B-9548-0DF6034E424C}.Debug|Any CPU.Build.0 = Debug|Any CPU
		{1261368F-B01A-4A8B-9548-0DF6034E424C}.Release|Any CPU.ActiveCfg = Release|Any CPU
		{1261368F-B01A-4A8B-9548-0DF6034E424C}.Release|Any CPU.Build.0 = Release|Any CPU
		{E583D784-BD77-42D0-AD26-942E4F234627}.Debug|Any CPU.ActiveCfg = Debug|Any CPU
		{E583D784-BD77-42D0-AD26-942E4F234627}.Debug|Any CPU.Build.0 = Debug|Any CPU
		{E583D784-BD77-42D0-AD26-942E4F234627}.Release|Any CPU.ActiveCfg = Release|Any CPU
		{E583D784-BD77-42D0-AD26-942E4F234627}.Release|Any CPU.Build.0 = Release|Any CPU
	EndGlobalSection
	GlobalSection(SolutionProperties) = preSolution
		HideSolutionNode = FALSE
	EndGlobalSection
	GlobalSection(ExtensibilityGlobals) = postSolution
		SolutionGuid = {E80AE670-3E7B-4876-9657-84A94E772F6D}
	EndGlobalSection
EndGlobal
